
Microsoft Visual Studio Solution File, Format Version 12.00
# Visual Studio Version 17
VisualStudioVersion = 17.10.35027.167
MinimumVisualStudioVersion = 10.0.40219.1
Project("{9A19103F-16F7-4668-BE54-9A1E7A4F7556}") = "ToDoApp", "ToDoApp.csproj", "{CA2606C6-4AF1-416E-93A6-2E8770B06EF6}"
EndProject
Project("{2150E333-8FDC-42A3-9474-1A3956D46DE8}") = "Položky řešení", "Položky řešení", "{F2589D5E-E6C4-49DF-9349-594B6C313CEE}"
EndProject
Global
	GlobalSection(SolutionConfigurationPlatforms) = preSolution
		All|Any CPU = All|Any CPU
		Debug|Any CPU = Debug|Any CPU
		Release|Any CPU = Release|Any CPU
	EndGlobalSection
	GlobalSection(ProjectConfigurationPlatforms) = postSolution
		{CA2606C6-4AF1-416E-93A6-2E8770B06EF6}.All|Any CPU.ActiveCfg = Release|Any CPU
		{CA2606C6-4AF1-416E-93A6-2E8770B06EF6}.All|Any CPU.Build.0 = Release|Any CPU
		{CA2606C6-4AF1-416E-93A6-2E8770B06EF6}.Debug|Any CPU.ActiveCfg = Debug|Any CPU
		{CA2606C6-4AF1-416E-93A6-2E8770B06EF6}.Debug|Any CPU.Build.0 = Debug|Any CPU
		{CA2606C6-4AF1-416E-93A6-2E8770B06EF6}.Release|Any CPU.ActiveCfg = Release|Any CPU
		{CA2606C6-4AF1-416E-93A6-2E8770B06EF6}.Release|Any CPU.Build.0 = Release|Any CPU
	EndGlobalSection
	GlobalSection(SolutionProperties) = preSolution
		HideSolutionNode = FALSE
	EndGlobalSection
	GlobalSection(ExtensibilityGlobals) = postSolution
		SolutionGuid = {073D5136-CBA4-461C-9FE8-757C61F32684}
	EndGlobalSection
EndGlobal
